
Microsoft Visual Studio Solution File, Format Version 12.00
# Visual Studio Version 17
VisualStudioVersion = 17.3.32901.215
MinimumVisualStudioVersion = 10.0.40219.1
Project("{FAE04EC0-301F-11D3-BF4B-00C04F79EFBC}") = "pract7", "pract7.csproj", "{598D044C-9F30-43AF-B8B0-5AFC6488D508}"
EndProject
Global
	GlobalSection(SolutionConfigurationPlatforms) = preSolution
		Debug|Any CPU = Debug|Any CPU
		Release|Any CPU = Release|Any CPU
	EndGlobalSection
	GlobalSection(ProjectConfigurationPlatforms) = postSolution
		{598D044C-9F30-43AF-B8B0-5AFC6488D508}.Debug|Any CPU.ActiveCfg = Debug|Any CPU
		{598D044C-9F30-43AF-B8B0-5AFC6488D508}.Debug|Any CPU.Build.0 = Debug|Any CPU
		{598D044C-9F30-43AF-B8B0-5AFC6488D508}.Release|Any CPU.ActiveCfg = Release|Any CPU
		{598D044C-9F30-43AF-B8B0-5AFC6488D508}.Release|Any CPU.Build.0 = Release|Any CPU
	EndGlobalSection
	GlobalSection(SolutionProperties) = preSolution
		HideSolutionNode = FALSE
	EndGlobalSection
	GlobalSection(ExtensibilityGlobals) = postSolution
		SolutionGuid = {AD461357-661A-4638-94C7-0FB23441FD0D}
	EndGlobalSection
EndGlobal
